
Microsoft Visual Studio Solution File, Format Version 12.00
# Visual Studio Version 17
VisualStudioVersion = 17.6.33617.297
MinimumVisualStudioVersion = 10.0.40219.1
Project("{8BC9CEB8-8B4A-11D0-8D11-00A0C91BC942}") = "BrokenFileSystemOn17.6", "BrokenFileSystemOn17.6\BrokenFileSystemOn17.6.vcxproj", "{313193F7-CDD1-4EF8-A71E-42658C374D93}"
EndProject
Global
	GlobalSection(SolutionConfigurationPlatforms) = preSolution
		Debug|x64 = Debug|x64
		Debug|x86 = Debug|x86
		Release|x64 = Release|x64
		Release|x86 = Release|x86
	EndGlobalSection
	GlobalSection(ProjectConfigurationPlatforms) = postSolution
		{313193F7-CDD1-4EF8-A71E-42658C374D93}.Debug|x64.ActiveCfg = Debug|x64
		{313193F7-CDD1-4EF8-A71E-42658C374D93}.Debug|x64.Build.0 = Debug|x64
		{313193F7-CDD1-4EF8-A71E-42658C374D93}.Debug|x86.ActiveCfg = Debug|Win32
		{313193F7-CDD1-4EF8-A71E-42658C374D93}.Debug|x86.Build.0 = Debug|Win32
		{313193F7-CDD1-4EF8-A71E-42658C374D93}.Release|x64.ActiveCfg = Release|x64
		{313193F7-CDD1-4EF8-A71E-42658C374D93}.Release|x64.Build.0 = Release|x64
		{313193F7-CDD1-4EF8-A71E-42658C374D93}.Release|x86.ActiveCfg = Release|Win32
		{313193F7-CDD1-4EF8-A71E-42658C374D93}.Release|x86.Build.0 = Release|Win32
	EndGlobalSection
	GlobalSection(SolutionProperties) = preSolution
		HideSolutionNode = FALSE
	EndGlobalSection
	GlobalSection(ExtensibilityGlobals) = postSolution
		SolutionGuid = {A4D1B3AB-EE36-447E-8546-E2584AFDA887}
	EndGlobalSection
EndGlobal
